// !$*UTF8*$!
{
	archiveVersion = 1;
	classes = {
	};
	objectVersion = 46;
	objects = {

/* Begin PBXBuildFile section */
		0AAB3B0D1D5BB5C62723DFE4 /* Pods_WertuIDTests.framework in Frameworks */ = {isa = PBXBuildFile; fileRef = 3A4E870E8E9522D01935C39B /* Pods_WertuIDTests.framework */; };
		25F7FF37F77ABA9419AECEAF /* Pods_WertuIDUITests.framework in Frameworks */ = {isa = PBXBuildFile; fileRef = C653503388567766B88F6561 /* Pods_WertuIDUITests.framework */; };
		97F33D526119DBA6DBE074B1 /* Pods_WertuID.framework in Frameworks */ = {isa = PBXBuildFile; fileRef = 5F65D754B7653056D2A3E518 /* Pods_WertuID.framework */; };
		E577CD501E7D5E89004E3F40 /* ListViewController.swift in Sources */ = {isa = PBXBuildFile; fileRef = E577CD4F1E7D5E89004E3F40 /* ListViewController.swift */; };
		E577CD551E7D5F8B004E3F40 /* ListCell.swift in Sources */ = {isa = PBXBuildFile; fileRef = E577CD541E7D5F8B004E3F40 /* ListCell.swift */; };
		E577CD571E7D5FE9004E3F40 /* ListHeader.swift in Sources */ = {isa = PBXBuildFile; fileRef = E577CD561E7D5FE9004E3F40 /* ListHeader.swift */; };
		E577CD591E7D6105004E3F40 /* ListDataModel.swift in Sources */ = {isa = PBXBuildFile; fileRef = E577CD581E7D6105004E3F40 /* ListDataModel.swift */; };
		E577CD5B1E7D6136004E3F40 /* MapDataModel.swift in Sources */ = {isa = PBXBuildFile; fileRef = E577CD5A1E7D6136004E3F40 /* MapDataModel.swift */; };
		E5C1917A1E7D0F1300FD347E /* AppDelegate.swift in Sources */ = {isa = PBXBuildFile; fileRef = E5C191791E7D0F1300FD347E /* AppDelegate.swift */; };
		E5C1917F1E7D0F1300FD347E /* Main.storyboard in Resources */ = {isa = PBXBuildFile; fileRef = E5C1917D1E7D0F1300FD347E /* Main.storyboard */; };
		E5C191811E7D0F1300FD347E /* Assets.xcassets in Resources */ = {isa = PBXBuildFile; fileRef = E5C191801E7D0F1300FD347E /* Assets.xcassets */; };
		E5C191841E7D0F1300FD347E /* LaunchScreen.storyboard in Resources */ = {isa = PBXBuildFile; fileRef = E5C191821E7D0F1300FD347E /* LaunchScreen.storyboard */; };
		E5C1918F1E7D0F1300FD347E /* WertuIDTests.swift in Sources */ = {isa = PBXBuildFile; fileRef = E5C1918E1E7D0F1300FD347E /* WertuIDTests.swift */; };
		E5C1919A1E7D0F1300FD347E /* WertuIDUITests.swift in Sources */ = {isa = PBXBuildFile; fileRef = E5C191991E7D0F1300FD347E /* WertuIDUITests.swift */; };
		E5C191A81E7D20B500FD347E /* MapViewController.swift in Sources */ = {isa = PBXBuildFile; fileRef = E5C191A71E7D20B500FD347E /* MapViewController.swift */; };
		E5D3CCB91E7E7D12007813F4 /* CountListDataModel.swift in Sources */ = {isa = PBXBuildFile; fileRef = E5D3CCB81E7E7D12007813F4 /* CountListDataModel.swift */; };
/* End PBXBuildFile section */

/* Begin PBXContainerItemProxy section */
		E5C1918B1E7D0F1300FD347E /* PBXContainerItemProxy */ = {
			isa = PBXContainerItemProxy;
			containerPortal = E5C1916E1E7D0F1200FD347E /* Project object */;
			proxyType = 1;
			remoteGlobalIDString = E5C191751E7D0F1200FD347E;
			remoteInfo = WertuID;
		};
		E5C191961E7D0F1300FD347E /* PBXContainerItemProxy */ = {
			isa = PBXContainerItemProxy;
			containerPortal = E5C1916E1E7D0F1200FD347E /* Project object */;
			proxyType = 1;
			remoteGlobalIDString = E5C191751E7D0F1200FD347E;
			remoteInfo = WertuID;
		};
/* End PBXContainerItemProxy section */

/* Begin PBXFileReference section */
		3A4E870E8E9522D01935C39B /* Pods_WertuIDTests.framework */ = {isa = PBXFileReference; explicitFileType = wrapper.framework; includeInIndex = 0; path = Pods_WertuIDTests.framework; sourceTree = BUILT_PRODUCTS_DIR; };
		3A8811DC754AD83F9235BC3F /* Pods-WertuID.release.xcconfig */ = {isa = PBXFileReference; includeInIndex = 1; lastKnownFileType = text.xcconfig; name = "Pods-WertuID.release.xcconfig"; path = "Pods/Target Support Files/Pods-WertuID/Pods-WertuID.release.xcconfig"; sourceTree = "<group>"; };
		5F65D754B7653056D2A3E518 /* Pods_WertuID.framework */ = {isa = PBXFileReference; explicitFileType = wrapper.framework; includeInIndex = 0; path = Pods_WertuID.framework; sourceTree = BUILT_PRODUCTS_DIR; };
		68A7523728AF3D6B86E7D290 /* Pods-WertuIDUITests.release.xcconfig */ = {isa = PBXFileReference; includeInIndex = 1; lastKnownFileType = text.xcconfig; name = "Pods-WertuIDUITests.release.xcconfig"; path = "Pods/Target Support Files/Pods-WertuIDUITests/Pods-WertuIDUITests.release.xcconfig"; sourceTree = "<group>"; };
		8ADB39613E498B9103BD0202 /* Pods-WertuIDTests.debug.xcconfig */ = {isa = PBXFileReference; includeInIndex = 1; lastKnownFileType = text.xcconfig; name = "Pods-WertuIDTests.debug.xcconfig"; path = "Pods/Target Support Files/Pods-WertuIDTests/Pods-WertuIDTests.debug.xcconfig"; sourceTree = "<group>"; };
		92CE51C9F4B56CEE0CC5A5E8 /* Pods-WertuIDTests.release.xcconfig */ = {isa = PBXFileReference; includeInIndex = 1; lastKnownFileType = text.xcconfig; name = "Pods-WertuIDTests.release.xcconfig"; path = "Pods/Target Support Files/Pods-WertuIDTests/Pods-WertuIDTests.release.xcconfig"; sourceTree = "<group>"; };
		976AA68418A464D7121EC69D /* Pods-WertuIDUITests.debug.xcconfig */ = {isa = PBXFileReference; includeInIndex = 1; lastKnownFileType = text.xcconfig; name = "Pods-WertuIDUITests.debug.xcconfig"; path = "Pods/Target Support Files/Pods-WertuIDUITests/Pods-WertuIDUITests.debug.xcconfig"; sourceTree = "<group>"; };
		987C4069765C9628D13CF741 /* Pods-WertuID.debug.xcconfig */ = {isa = PBXFileReference; includeInIndex = 1; lastKnownFileType = text.xcconfig; name = "Pods-WertuID.debug.xcconfig"; path = "Pods/Target Support Files/Pods-WertuID/Pods-WertuID.debug.xcconfig"; sourceTree = "<group>"; };
		C653503388567766B88F6561 /* Pods_WertuIDUITests.framework */ = {isa = PBXFileReference; explicitFileType = wrapper.framework; includeInIndex = 0; path = Pods_WertuIDUITests.framework; sourceTree = BUILT_PRODUCTS_DIR; };
		E577CD4F1E7D5E89004E3F40 /* ListViewController.swift */ = {isa = PBXFileReference; fileEncoding = 4; lastKnownFileType = sourcecode.swift; path = ListViewController.swift; sourceTree = "<group>"; };
		E577CD541E7D5F8B004E3F40 /* ListCell.swift */ = {isa = PBXFileReference; fileEncoding = 4; lastKnownFileType = sourcecode.swift; path = ListCell.swift; sourceTree = "<group>"; };
		E577CD561E7D5FE9004E3F40 /* ListHeader.swift */ = {isa = PBXFileReference; fileEncoding = 4; lastKnownFileType = sourcecode.swift; path = ListHeader.swift; sourceTree = "<group>"; };
		E577CD581E7D6105004E3F40 /* ListDataModel.swift */ = {isa = PBXFileReference; fileEncoding = 4; lastKnownFileType = sourcecode.swift; path = ListDataModel.swift; sourceTree = "<group>"; };
		E577CD5A1E7D6136004E3F40 /* MapDataModel.swift */ = {isa = PBXFileReference; fileEncoding = 4; lastKnownFileType = sourcecode.swift; path = MapDataModel.swift; sourceTree = "<group>"; };
		E5C191761E7D0F1200FD347E /* WertuID.app */ = {isa = PBXFileReference; explicitFileType = wrapper.application; includeInIndex = 0; path = WertuID.app; sourceTree = BUILT_PRODUCTS_DIR; };
		E5C191791E7D0F1300FD347E /* AppDelegate.swift */ = {isa = PBXFileReference; lastKnownFileType = sourcecode.swift; path = AppDelegate.swift; sourceTree = "<group>"; };
		E5C1917E1E7D0F1300FD347E /* Base */ = {isa = PBXFileReference; lastKnownFileType = file.storyboard; name = Base; path = Base.lproj/Main.storyboard; sourceTree = "<group>"; };
		E5C191801E7D0F1300FD347E /* Assets.xcassets */ = {isa = PBXFileReference; lastKnownFileType = folder.assetcatalog; path = Assets.xcassets; sourceTree = "<group>"; };
		E5C191831E7D0F1300FD347E /* Base */ = {isa = PBXFileReference; lastKnownFileType = file.storyboard; name = Base; path = Base.lproj/LaunchScreen.storyboard; sourceTree = "<group>"; };
		E5C191851E7D0F1300FD347E /* Info.plist */ = {isa = PBXFileReference; lastKnownFileType = text.plist.xml; path = Info.plist; sourceTree = "<group>"; };
		E5C1918A1E7D0F1300FD347E /* WertuIDTests.xctest */ = {isa = PBXFileReference; explicitFileType = wrapper.cfbundle; includeInIndex = 0; path = WertuIDTests.xctest; sourceTree = BUILT_PRODUCTS_DIR; };
		E5C1918E1E7D0F1300FD347E /* WertuIDTests.swift */ = {isa = PBXFileReference; lastKnownFileType = sourcecode.swift; path = WertuIDTests.swift; sourceTree = "<group>"; };
		E5C191901E7D0F1300FD347E /* Info.plist */ = {isa = PBXFileReference; lastKnownFileType = text.plist.xml; path = Info.plist; sourceTree = "<group>"; };
		E5C191951E7D0F1300FD347E /* WertuIDUITests.xctest */ = {isa = PBXFileReference; explicitFileType = wrapper.cfbundle; includeInIndex = 0; path = WertuIDUITests.xctest; sourceTree = BUILT_PRODUCTS_DIR; };
		E5C191991E7D0F1300FD347E /* WertuIDUITests.swift */ = {isa = PBXFileReference; lastKnownFileType = sourcecode.swift; path = WertuIDUITests.swift; sourceTree = "<group>"; };
		E5C1919B1E7D0F1300FD347E /* Info.plist */ = {isa = PBXFileReference; lastKnownFileType = text.plist.xml; path = Info.plist; sourceTree = "<group>"; };
		E5C191A71E7D20B500FD347E /* MapViewController.swift */ = {isa = PBXFileReference; fileEncoding = 4; lastKnownFileType = sourcecode.swift; path = MapViewController.swift; sourceTree = "<group>"; };
		E5D3CCB81E7E7D12007813F4 /* CountListDataModel.swift */ = {isa = PBXFileReference; fileEncoding = 4; lastKnownFileType = sourcecode.swift; path = CountListDataModel.swift; sourceTree = "<group>"; };
/* End PBXFileReference section */

/* Begin PBXFrameworksBuildPhase section */
		E5C191731E7D0F1200FD347E /* Frameworks */ = {
			isa = PBXFrameworksBuildPhase;
			buildActionMask = 2147483647;
			files = (
				97F33D526119DBA6DBE074B1 /* Pods_WertuID.framework in Frameworks */,
			);
			runOnlyForDeploymentPostprocessing = 0;
		};
		E5C191871E7D0F1300FD347E /* Frameworks */ = {
			isa = PBXFrameworksBuildPhase;
			buildActionMask = 2147483647;
			files = (
				0AAB3B0D1D5BB5C62723DFE4 /* Pods_WertuIDTests.framework in Frameworks */,
			);
			runOnlyForDeploymentPostprocessing = 0;
		};
		E5C191921E7D0F1300FD347E /* Frameworks */ = {
			isa = PBXFrameworksBuildPhase;
			buildActionMask = 2147483647;
			files = (
				25F7FF37F77ABA9419AECEAF /* Pods_WertuIDUITests.framework in Frameworks */,
			);
			runOnlyForDeploymentPostprocessing = 0;
		};
/* End PBXFrameworksBuildPhase section */

/* Begin PBXGroup section */
		9BCCF00C83216A870A91E6E6 /* Frameworks */ = {
			isa = PBXGroup;
			children = (
				5F65D754B7653056D2A3E518 /* Pods_WertuID.framework */,
				3A4E870E8E9522D01935C39B /* Pods_WertuIDTests.framework */,
				C653503388567766B88F6561 /* Pods_WertuIDUITests.framework */,
			);
			name = Frameworks;
			sourceTree = "<group>";
		};
		A30C23F47BE10B2F947676B6 /* Pods */ = {
			isa = PBXGroup;
			children = (
				987C4069765C9628D13CF741 /* Pods-WertuID.debug.xcconfig */,
				3A8811DC754AD83F9235BC3F /* Pods-WertuID.release.xcconfig */,
				8ADB39613E498B9103BD0202 /* Pods-WertuIDTests.debug.xcconfig */,
				92CE51C9F4B56CEE0CC5A5E8 /* Pods-WertuIDTests.release.xcconfig */,
				976AA68418A464D7121EC69D /* Pods-WertuIDUITests.debug.xcconfig */,
				68A7523728AF3D6B86E7D290 /* Pods-WertuIDUITests.release.xcconfig */,
			);
			name = Pods;
			sourceTree = "<group>";
		};
		E577CD511E7D5F2D004E3F40 /* Model */ = {
			isa = PBXGroup;
			children = (
				E577CD581E7D6105004E3F40 /* ListDataModel.swift */,
				E577CD5A1E7D6136004E3F40 /* MapDataModel.swift */,
				E5D3CCB81E7E7D12007813F4 /* CountListDataModel.swift */,
			);
			name = Model;
			sourceTree = "<group>";
		};
		E577CD521E7D5F34004E3F40 /* View */ = {
			isa = PBXGroup;
			children = (
				E577CD541E7D5F8B004E3F40 /* ListCell.swift */,
				E577CD561E7D5FE9004E3F40 /* ListHeader.swift */,
			);
			name = View;
			sourceTree = "<group>";
		};
		E577CD531E7D5F38004E3F40 /* Controller */ = {
			isa = PBXGroup;
			children = (
				E5C191A71E7D20B500FD347E /* MapViewController.swift */,
				E577CD4F1E7D5E89004E3F40 /* ListViewController.swift */,
			);
			name = Controller;
			sourceTree = "<group>";
		};
		E5C1916D1E7D0F1200FD347E = {
			isa = PBXGroup;
			children = (
				E5C191781E7D0F1200FD347E /* WertuID */,
				E5C1918D1E7D0F1300FD347E /* WertuIDTests */,
				E5C191981E7D0F1300FD347E /* WertuIDUITests */,
				E5C191771E7D0F1200FD347E /* Products */,
				A30C23F47BE10B2F947676B6 /* Pods */,
				9BCCF00C83216A870A91E6E6 /* Frameworks */,
			);
			sourceTree = "<group>";
		};
		E5C191771E7D0F1200FD347E /* Products */ = {
			isa = PBXGroup;
			children = (
				E5C191761E7D0F1200FD347E /* WertuID.app */,
				E5C1918A1E7D0F1300FD347E /* WertuIDTests.xctest */,
				E5C191951E7D0F1300FD347E /* WertuIDUITests.xctest */,
			);
			name = Products;
			sourceTree = "<group>";
		};
		E5C191781E7D0F1200FD347E /* WertuID */ = {
			isa = PBXGroup;
			children = (
				E577CD511E7D5F2D004E3F40 /* Model */,
				E577CD521E7D5F34004E3F40 /* View */,
				E577CD531E7D5F38004E3F40 /* Controller */,
				E5C1917D1E7D0F1300FD347E /* Main.storyboard */,
				E5C191791E7D0F1300FD347E /* AppDelegate.swift */,
				E5C191801E7D0F1300FD347E /* Assets.xcassets */,
				E5C191821E7D0F1300FD347E /* LaunchScreen.storyboard */,
				E5C191851E7D0F1300FD347E /* Info.plist */,
			);
			path = WertuID;
			sourceTree = "<group>";
		};
		E5C1918D1E7D0F1300FD347E /* WertuIDTests */ = {
			isa = PBXGroup;
			children = (
				E5C1918E1E7D0F1300FD347E /* WertuIDTests.swift */,
				E5C191901E7D0F1300FD347E /* Info.plist */,
			);
			path = WertuIDTests;
			sourceTree = "<group>";
		};
		E5C191981E7D0F1300FD347E /* WertuIDUITests */ = {
			isa = PBXGroup;
			children = (
				E5C191991E7D0F1300FD347E /* WertuIDUITests.swift */,
				E5C1919B1E7D0F1300FD347E /* Info.plist */,
			);
			path = WertuIDUITests;
			sourceTree = "<group>";
		};
/* End PBXGroup section */

/* Begin PBXNativeTarget section */
		E5C191751E7D0F1200FD347E /* WertuID */ = {
			isa = PBXNativeTarget;
			buildConfigurationList = E5C1919E1E7D0F1300FD347E /* Build configuration list for PBXNativeTarget "WertuID" */;
			buildPhases = (
				F37B305FA95B5EBB96DD521C /* [CP] Check Pods Manifest.lock */,
				E5C191721E7D0F1200FD347E /* Sources */,
				E5C191731E7D0F1200FD347E /* Frameworks */,
				E5C191741E7D0F1200FD347E /* Resources */,
				D562898E501B74D201BE6126 /* [CP] Embed Pods Frameworks */,
				C2D0D796E08E691626BBDE10 /* [CP] Copy Pods Resources */,
			);
			buildRules = (
			);
			dependencies = (
			);
			name = WertuID;
			productName = WertuID;
			productReference = E5C191761E7D0F1200FD347E /* WertuID.app */;
			productType = "com.apple.product-type.application";
		};
		E5C191891E7D0F1300FD347E /* WertuIDTests */ = {
			isa = PBXNativeTarget;
			buildConfigurationList = E5C191A11E7D0F1300FD347E /* Build configuration list for PBXNativeTarget "WertuIDTests" */;
			buildPhases = (
				37C55BF47C51CE253690CCB3 /* [CP] Check Pods Manifest.lock */,
				E5C191861E7D0F1300FD347E /* Sources */,
				E5C191871E7D0F1300FD347E /* Frameworks */,
				E5C191881E7D0F1300FD347E /* Resources */,
				C93A2E181D40E0BB31E2CABC /* [CP] Embed Pods Frameworks */,
				6AB87BCF3E9913D4B1EA0B11 /* [CP] Copy Pods Resources */,
			);
			buildRules = (
			);
			dependencies = (
				E5C1918C1E7D0F1300FD347E /* PBXTargetDependency */,
			);
			name = WertuIDTests;
			productName = WertuIDTests;
			productReference = E5C1918A1E7D0F1300FD347E /* WertuIDTests.xctest */;
			productType = "com.apple.product-type.bundle.unit-test";
		};
		E5C191941E7D0F1300FD347E /* WertuIDUITests */ = {
			isa = PBXNativeTarget;
			buildConfigurationList = E5C191A41E7D0F1300FD347E /* Build configuration list for PBXNativeTarget "WertuIDUITests" */;
			buildPhases = (
				82E94F625F2167EF944E8981 /* [CP] Check Pods Manifest.lock */,
				E5C191911E7D0F1300FD347E /* Sources */,
				E5C191921E7D0F1300FD347E /* Frameworks */,
				E5C191931E7D0F1300FD347E /* Resources */,
				F13716AD0B719657A63A16A9 /* [CP] Embed Pods Frameworks */,
				B965347C8FFD19A8345D3A7A /* [CP] Copy Pods Resources */,
			);
			buildRules = (
			);
			dependencies = (
				E5C191971E7D0F1300FD347E /* PBXTargetDependency */,
			);
			name = WertuIDUITests;
			productName = WertuIDUITests;
			productReference = E5C191951E7D0F1300FD347E /* WertuIDUITests.xctest */;
			productType = "com.apple.product-type.bundle.ui-testing";
		};
/* End PBXNativeTarget section */

/* Begin PBXProject section */
		E5C1916E1E7D0F1200FD347E /* Project object */ = {
			isa = PBXProject;
			attributes = {
				LastSwiftUpdateCheck = 0820;
				LastUpgradeCheck = 0820;
				ORGANIZATIONNAME = Reavern;
				TargetAttributes = {
					E5C191751E7D0F1200FD347E = {
						CreatedOnToolsVersion = 8.2.1;
						ProvisioningStyle = Automatic;
					};
					E5C191891E7D0F1300FD347E = {
						CreatedOnToolsVersion = 8.2.1;
						ProvisioningStyle = Automatic;
						TestTargetID = E5C191751E7D0F1200FD347E;
					};
					E5C191941E7D0F1300FD347E = {
						CreatedOnToolsVersion = 8.2.1;
						ProvisioningStyle = Automatic;
						TestTargetID = E5C191751E7D0F1200FD347E;
					};
				};
			};
			buildConfigurationList = E5C191711E7D0F1200FD347E /* Build configuration list for PBXProject "WertuID" */;
			compatibilityVersion = "Xcode 3.2";
			developmentRegion = English;
			hasScannedForEncodings = 0;
			knownRegions = (
				en,
				Base,
			);
			mainGroup = E5C1916D1E7D0F1200FD347E;
			productRefGroup = E5C191771E7D0F1200FD347E /* Products */;
			projectDirPath = "";
			projectRoot = "";
			targets = (
				E5C191751E7D0F1200FD347E /* WertuID */,
				E5C191891E7D0F1300FD347E /* WertuIDTests */,
				E5C191941E7D0F1300FD347E /* WertuIDUITests */,
			);
		};
/* End PBXProject section */

/* Begin PBXResourcesBuildPhase section */
		E5C191741E7D0F1200FD347E /* Resources */ = {
			isa = PBXResourcesBuildPhase;
			buildActionMask = 2147483647;
			files = (
				E5C191841E7D0F1300FD347E /* LaunchScreen.storyboard in Resources */,
				E5C191811E7D0F1300FD347E /* Assets.xcassets in Resources */,
				E5C1917F1E7D0F1300FD347E /* Main.storyboard in Resources */,
			);
			runOnlyForDeploymentPostprocessing = 0;
		};
		E5C191881E7D0F1300FD347E /* Resources */ = {
			isa = PBXResourcesBuildPhase;
			buildActionMask = 2147483647;
			files = (
			);
			runOnlyForDeploymentPostprocessing = 0;
		};
		E5C191931E7D0F1300FD347E /* Resources */ = {
			isa = PBXResourcesBuildPhase;
			buildActionMask = 2147483647;
			files = (
			);
			runOnlyForDeploymentPostprocessing = 0;
		};
/* End PBXResourcesBuildPhase section */

/* Begin PBXShellScriptBuildPhase section */
		37C55BF47C51CE253690CCB3 /* [CP] Check Pods Manifest.lock */ = {
			isa = PBXShellScriptBuildPhase;
			buildActionMask = 2147483647;
			files = (
			);
			inputPaths = (
			);
			name = "[CP] Check Pods Manifest.lock";
			outputPaths = (
			);
			runOnlyForDeploymentPostprocessing = 0;
			shellPath = /bin/sh;
			shellScript = "diff \"${PODS_ROOT}/../Podfile.lock\" \"${PODS_ROOT}/Manifest.lock\" > /dev/null\nif [ $? != 0 ] ; then\n    # print error to STDERR\n    echo \"error: The sandbox is not in sync with the Podfile.lock. Run 'pod install' or update your CocoaPods installation.\" >&2\n    exit 1\nfi\n";
			showEnvVarsInLog = 0;
		};
		6AB87BCF3E9913D4B1EA0B11 /* [CP] Copy Pods Resources */ = {
			isa = PBXShellScriptBuildPhase;
			buildActionMask = 2147483647;
			files = (
			);
			inputPaths = (
			);
			name = "[CP] Copy Pods Resources";
			outputPaths = (
			);
			runOnlyForDeploymentPostprocessing = 0;
			shellPath = /bin/sh;
			shellScript = "\"${SRCROOT}/Pods/Target Support Files/Pods-WertuIDTests/Pods-WertuIDTests-resources.sh\"\n";
			showEnvVarsInLog = 0;
		};
		82E94F625F2167EF944E8981 /* [CP] Check Pods Manifest.lock */ = {
			isa = PBXShellScriptBuildPhase;
			buildActionMask = 2147483647;
			files = (
			);
			inputPaths = (
			);
			name = "[CP] Check Pods Manifest.lock";
			outputPaths = (
			);
			runOnlyForDeploymentPostprocessing = 0;
			shellPath = /bin/sh;
			shellScript = "diff \"${PODS_ROOT}/../Podfile.lock\" \"${PODS_ROOT}/Manifest.lock\" > /dev/null\nif [ $? != 0 ] ; then\n    # print error to STDERR\n    echo \"error: The sandbox is not in sync with the Podfile.lock. Run 'pod install' or update your CocoaPods installation.\" >&2\n    exit 1\nfi\n";
			showEnvVarsInLog = 0;
		};
		B965347C8FFD19A8345D3A7A /* [CP] Copy Pods Resources */ = {
			isa = PBXShellScriptBuildPhase;
			buildActionMask = 2147483647;
			files = (
			);
			inputPaths = (
			);
			name = "[CP] Copy Pods Resources";
			outputPaths = (
			);
			runOnlyForDeploymentPostprocessing = 0;
			shellPath = /bin/sh;
			shellScript = "\"${SRCROOT}/Pods/Target Support Files/Pods-WertuIDUITests/Pods-WertuIDUITests-resources.sh\"\n";
			showEnvVarsInLog = 0;
		};
		C2D0D796E08E691626BBDE10 /* [CP] Copy Pods Resources */ = {
			isa = PBXShellScriptBuildPhase;
			buildActionMask = 2147483647;
			files = (
			);
			inputPaths = (
			);
			name = "[CP] Copy Pods Resources";
			outputPaths = (
			);
			runOnlyForDeploymentPostprocessing = 0;
			shellPath = /bin/sh;
			shellScript = "\"${SRCROOT}/Pods/Target Support Files/Pods-WertuID/Pods-WertuID-resources.sh\"\n";
			showEnvVarsInLog = 0;
		};
		C93A2E181D40E0BB31E2CABC /* [CP] Embed Pods Frameworks */ = {
			isa = PBXShellScriptBuildPhase;
			buildActionMask = 2147483647;
			files = (
			);
			inputPaths = (
			);
			name = "[CP] Embed Pods Frameworks";
			outputPaths = (
			);
			runOnlyForDeploymentPostprocessing = 0;
			shellPath = /bin/sh;
			shellScript = "\"${SRCROOT}/Pods/Target Support Files/Pods-WertuIDTests/Pods-WertuIDTests-frameworks.sh\"\n";
			showEnvVarsInLog = 0;
		};
		D562898E501B74D201BE6126 /* [CP] Embed Pods Frameworks */ = {
			isa = PBXShellScriptBuildPhase;
			buildActionMask = 2147483647;
			files = (
			);
			inputPaths = (
			);
			name = "[CP] Embed Pods Frameworks";
			outputPaths = (
			);
			runOnlyForDeploymentPostprocessing = 0;
			shellPath = /bin/sh;
			shellScript = "\"${SRCROOT}/Pods/Target Support Files/Pods-WertuID/Pods-WertuID-frameworks.sh\"\n";
			showEnvVarsInLog = 0;
		};
		F13716AD0B719657A63A16A9 /* [CP] Embed Pods Frameworks */ = {
			isa = PBXShellScriptBuildPhase;
			buildActionMask = 2147483647;
			files = (
			);
			inputPaths = (
			);
			name = "[CP] Embed Pods Frameworks";
			outputPaths = (
			);
			runOnlyForDeploymentPostprocessing = 0;
			shellPath = /bin/sh;
			shellScript = "\"${SRCROOT}/Pods/Target Support Files/Pods-WertuIDUITests/Pods-WertuIDUITests-frameworks.sh\"\n";
			showEnvVarsInLog = 0;
		};
		F37B305FA95B5EBB96DD521C /* [CP] Check Pods Manifest.lock */ = {
			isa = PBXShellScriptBuildPhase;
			buildActionMask = 2147483647;
			files = (
			);
			inputPaths = (
			);
			name = "[CP] Check Pods Manifest.lock";
			outputPaths = (
			);
			runOnlyForDeploymentPostprocessing = 0;
			shellPath = /bin/sh;
			shellScript = "diff \"${PODS_ROOT}/../Podfile.lock\" \"${PODS_ROOT}/Manifest.lock\" > /dev/null\nif [ $? != 0 ] ; then\n    # print error to STDERR\n    echo \"error: The sandbox is not in sync with the Podfile.lock. Run 'pod install' or update your CocoaPods installation.\" >&2\n    exit 1\nfi\n";
			showEnvVarsInLog = 0;
		};
/* End PBXShellScriptBuildPhase section */

/* Begin PBXSourcesBuildPhase section */
		E5C191721E7D0F1200FD347E /* Sources */ = {
			isa = PBXSourcesBuildPhase;
			buildActionMask = 2147483647;
			files = (
				E5C1917A1E7D0F1300FD347E /* AppDelegate.swift in Sources */,
				E577CD551E7D5F8B004E3F40 /* ListCell.swift in Sources */,
				E5C191A81E7D20B500FD347E /* MapViewController.swift in Sources */,
				E5D3CCB91E7E7D12007813F4 /* CountListDataModel.swift in Sources */,
				E577CD591E7D6105004E3F40 /* ListDataModel.swift in Sources */,
				E577CD5B1E7D6136004E3F40 /* MapDataModel.swift in Sources */,
				E577CD571E7D5FE9004E3F40 /* ListHeader.swift in Sources */,
				E577CD501E7D5E89004E3F40 /* ListViewController.swift in Sources */,
			);
			runOnlyForDeploymentPostprocessing = 0;
		};
		E5C191861E7D0F1300FD347E /* Sources */ = {
			isa = PBXSourcesBuildPhase;
			buildActionMask = 2147483647;
			files = (
				E5C1918F1E7D0F1300FD347E /* WertuIDTests.swift in Sources */,
			);
			runOnlyForDeploymentPostprocessing = 0;
		};
		E5C191911E7D0F1300FD347E /* Sources */ = {
			isa = PBXSourcesBuildPhase;
			buildActionMask = 2147483647;
			files = (
				E5C1919A1E7D0F1300FD347E /* WertuIDUITests.swift in Sources */,
			);
			runOnlyForDeploymentPostprocessing = 0;
		};
/* End PBXSourcesBuildPhase section */

/* Begin PBXTargetDependency section */
		E5C1918C1E7D0F1300FD347E /* PBXTargetDependency */ = {
			isa = PBXTargetDependency;
			target = E5C191751E7D0F1200FD347E /* WertuID */;
			targetProxy = E5C1918B1E7D0F1300FD347E /* PBXContainerItemProxy */;
		};
		E5C191971E7D0F1300FD347E /* PBXTargetDependency */ = {
			isa = PBXTargetDependency;
			target = E5C191751E7D0F1200FD347E /* WertuID */;
			targetProxy = E5C191961E7D0F1300FD347E /* PBXContainerItemProxy */;
		};
/* End PBXTargetDependency section */

/* Begin PBXVariantGroup section */
		E5C1917D1E7D0F1300FD347E /* Main.storyboard */ = {
			isa = PBXVariantGroup;
			children = (
				E5C1917E1E7D0F1300FD347E /* Base */,
			);
			name = Main.storyboard;
			sourceTree = "<group>";
		};
		E5C191821E7D0F1300FD347E /* LaunchScreen.storyboard */ = {
			isa = PBXVariantGroup;
			children = (
				E5C191831E7D0F1300FD347E /* Base */,
			);
			name = LaunchScreen.storyboard;
			sourceTree = "<group>";
		};
/* End PBXVariantGroup section */

/* Begin XCBuildConfiguration section */
		E5C1919C1E7D0F1300FD347E /* Debug */ = {
			isa = XCBuildConfiguration;
			buildSettings = {
				ALWAYS_SEARCH_USER_PATHS = NO;
				CLANG_ANALYZER_NONNULL = YES;
				CLANG_CXX_LANGUAGE_STANDARD = "gnu++0x";
				CLANG_CXX_LIBRARY = "libc++";
				CLANG_ENABLE_MODULES = YES;
				CLANG_ENABLE_OBJC_ARC = YES;
				CLANG_WARN_BOOL_CONVERSION = YES;
				CLANG_WARN_CONSTANT_CONVERSION = YES;
				CLANG_WARN_DIRECT_OBJC_ISA_USAGE = YES_ERROR;
				CLANG_WARN_DOCUMENTATION_COMMENTS = YES;
				CLANG_WARN_EMPTY_BODY = YES;
				CLANG_WARN_ENUM_CONVERSION = YES;
				CLANG_WARN_INFINITE_RECURSION = YES;
				CLANG_WARN_INT_CONVERSION = YES;
				CLANG_WARN_OBJC_ROOT_CLASS = YES_ERROR;
				CLANG_WARN_SUSPICIOUS_MOVE = YES;
				CLANG_WARN_UNREACHABLE_CODE = YES;
				CLANG_WARN__DUPLICATE_METHOD_MATCH = YES;
				"CODE_SIGN_IDENTITY[sdk=iphoneos*]" = "iPhone Developer";
				COPY_PHASE_STRIP = NO;
				DEBUG_INFORMATION_FORMAT = dwarf;
				ENABLE_STRICT_OBJC_MSGSEND = YES;
				ENABLE_TESTABILITY = YES;
				GCC_C_LANGUAGE_STANDARD = gnu99;
				GCC_DYNAMIC_NO_PIC = NO;
				GCC_NO_COMMON_BLOCKS = YES;
				GCC_OPTIMIZATION_LEVEL = 0;
				GCC_PREPROCESSOR_DEFINITIONS = (
					"DEBUG=1",
					"$(inherited)",
				);
				GCC_WARN_64_TO_32_BIT_CONVERSION = YES;
				GCC_WARN_ABOUT_RETURN_TYPE = YES_ERROR;
				GCC_WARN_UNDECLARED_SELECTOR = YES;
				GCC_WARN_UNINITIALIZED_AUTOS = YES_AGGRESSIVE;
				GCC_WARN_UNUSED_FUNCTION = YES;
				GCC_WARN_UNUSED_VARIABLE = YES;
				IPHONEOS_DEPLOYMENT_TARGET = 10.2;
				MTL_ENABLE_DEBUG_INFO = YES;
				ONLY_ACTIVE_ARCH = YES;
				SDKROOT = iphoneos;
				SWIFT_ACTIVE_COMPILATION_CONDITIONS = DEBUG;
				SWIFT_OPTIMIZATION_LEVEL = "-Onone";
			};
			name = Debug;
		};
		E5C1919D1E7D0F1300FD347E /* Release */ = {
			isa = XCBuildConfiguration;
			buildSettings = {
				ALWAYS_SEARCH_USER_PATHS = NO;
				CLANG_ANALYZER_NONNULL = YES;
				CLANG_CXX_LANGUAGE_STANDARD = "gnu++0x";
				CLANG_CXX_LIBRARY = "libc++";
				CLANG_ENABLE_MODULES = YES;
				CLANG_ENABLE_OBJC_ARC = YES;
				CLANG_WARN_BOOL_CONVERSION = YES;
				CLANG_WARN_CONSTANT_CONVERSION = YES;
				CLANG_WARN_DIRECT_OBJC_ISA_USAGE = YES_ERROR;
				CLANG_WARN_DOCUMENTATION_COMMENTS = YES;
				CLANG_WARN_EMPTY_BODY = YES;
				CLANG_WARN_ENUM_CONVERSION = YES;
				CLANG_WARN_INFINITE_RECURSION = YES;
				CLANG_WARN_INT_CONVERSION = YES;
				CLANG_WARN_OBJC_ROOT_CLASS = YES_ERROR;
				CLANG_WARN_SUSPICIOUS_MOVE = YES;
				CLANG_WARN_UNREACHABLE_CODE = YES;
				CLANG_WARN__DUPLICATE_METHOD_MATCH = YES;
				"CODE_SIGN_IDENTITY[sdk=iphoneos*]" = "iPhone Developer";
				COPY_PHASE_STRIP = NO;
				DEBUG_INFORMATION_FORMAT = "dwarf-with-dsym";
				ENABLE_NS_ASSERTIONS = NO;
				ENABLE_STRICT_OBJC_MSGSEND = YES;
				GCC_C_LANGUAGE_STANDARD = gnu99;
				GCC_NO_COMMON_BLOCKS = YES;
				GCC_WARN_64_TO_32_BIT_CONVERSION = YES;
				GCC_WARN_ABOUT_RETURN_TYPE = YES_ERROR;
				GCC_WARN_UNDECLARED_SELECTOR = YES;
				GCC_WARN_UNINITIALIZED_AUTOS = YES_AGGRESSIVE;
				GCC_WARN_UNUSED_FUNCTION = YES;
				GCC_WARN_UNUSED_VARIABLE = YES;
				IPHONEOS_DEPLOYMENT_TARGET = 10.2;
				MTL_ENABLE_DEBUG_INFO = NO;
				SDKROOT = iphoneos;
				SWIFT_OPTIMIZATION_LEVEL = "-Owholemodule";
				VALIDATE_PRODUCT = YES;
			};
			name = Release;
		};
		E5C1919F1E7D0F1300FD347E /* Debug */ = {
			isa = XCBuildConfiguration;
			baseConfigurationReference = 987C4069765C9628D13CF741 /* Pods-WertuID.debug.xcconfig */;
			buildSettings = {
				ASSETCATALOG_COMPILER_APPICON_NAME = AppIcon;
				INFOPLIST_FILE = WertuID/Info.plist;
				LD_RUNPATH_SEARCH_PATHS = "$(inherited) @executable_path/Frameworks";
				PRODUCT_BUNDLE_IDENTIFIER = ReavernTech.WertuID;
				PRODUCT_NAME = "$(TARGET_NAME)";
				SWIFT_VERSION = 3.0;
			};
			name = Debug;
		};
		E5C191A01E7D0F1300FD347E /* Release */ = {
			isa = XCBuildConfiguration;
			baseConfigurationReference = 3A8811DC754AD83F9235BC3F /* Pods-WertuID.release.xcconfig */;
			buildSettings = {
				ASSETCATALOG_COMPILER_APPICON_NAME = AppIcon;
				INFOPLIST_FILE = WertuID/Info.plist;
				LD_RUNPATH_SEARCH_PATHS = "$(inherited) @executable_path/Frameworks";
				PRODUCT_BUNDLE_IDENTIFIER = ReavernTech.WertuID;
				PRODUCT_NAME = "$(TARGET_NAME)";
				SWIFT_VERSION = 3.0;
			};
			name = Release;
		};
		E5C191A21E7D0F1300FD347E /* Debug */ = {
			isa = XCBuildConfiguration;
			baseConfigurationReference = 8ADB39613E498B9103BD0202 /* Pods-WertuIDTests.debug.xcconfig */;
			buildSettings = {
				ALWAYS_EMBED_SWIFT_STANDARD_LIBRARIES = YES;
				BUNDLE_LOADER = "$(TEST_HOST)";
				INFOPLIST_FILE = WertuIDTests/Info.plist;
				LD_RUNPATH_SEARCH_PATHS = "$(inherited) @executable_path/Frameworks @loader_path/Frameworks";
				PRODUCT_BUNDLE_IDENTIFIER = ReavernTech.WertuIDTests;
				PRODUCT_NAME = "$(TARGET_NAME)";
				SWIFT_VERSION = 3.0;
				TEST_HOST = "$(BUILT_PRODUCTS_DIR)/WertuID.app/WertuID";
			};
			name = Debug;
		};
		E5C191A31E7D0F1300FD347E /* Release */ = {
			isa = XCBuildConfiguration;
			baseConfigurationReference = 92CE51C9F4B56CEE0CC5A5E8 /* Pods-WertuIDTests.release.xcconfig */;
			buildSettings = {
				ALWAYS_EMBED_SWIFT_STANDARD_LIBRARIES = YES;
				BUNDLE_LOADER = "$(TEST_HOST)";
				INFOPLIST_FILE = WertuIDTests/Info.plist;
				LD_RUNPATH_SEARCH_PATHS = "$(inherited) @executable_path/Frameworks @loader_path/Frameworks";
				PRODUCT_BUNDLE_IDENTIFIER = ReavernTech.WertuIDTests;
				PRODUCT_NAME = "$(TARGET_NAME)";
				SWIFT_VERSION = 3.0;
				TEST_HOST = "$(BUILT_PRODUCTS_DIR)/WertuID.app/WertuID";
			};
			name = Release;
		};
		E5C191A51E7D0F1300FD347E /* Debug */ = {
			isa = XCBuildConfiguration;
			baseConfigurationReference = 976AA68418A464D7121EC69D /* Pods-WertuIDUITests.debug.xcconfig */;
			buildSettings = {
				ALWAYS_EMBED_SWIFT_STANDARD_LIBRARIES = YES;
				INFOPLIST_FILE = WertuIDUITests/Info.plist;
				LD_RUNPATH_SEARCH_PATHS = "$(inherited) @executable_path/Frameworks @loader_path/Frameworks";
				PRODUCT_BUNDLE_IDENTIFIER = ReavernTech.WertuIDUITests;
				PRODUCT_NAME = "$(TARGET_NAME)";
				SWIFT_VERSION = 3.0;
				TEST_TARGET_NAME = WertuID;
			};
			name = Debug;
		};
		E5C191A61E7D0F1300FD347E /* Release */ = {
			isa = XCBuildConfiguration;
			baseConfigurationReference = 68A7523728AF3D6B86E7D290 /* Pods-WertuIDUITests.release.xcconfig */;
			buildSettings = {
				ALWAYS_EMBED_SWIFT_STANDARD_LIBRARIES = YES;
				INFOPLIST_FILE = WertuIDUITests/Info.plist;
				LD_RUNPATH_SEARCH_PATHS = "$(inherited) @executable_path/Frameworks @loader_path/Frameworks";
				PRODUCT_BUNDLE_IDENTIFIER = ReavernTech.WertuIDUITests;
				PRODUCT_NAME = "$(TARGET_NAME)";
				SWIFT_VERSION = 3.0;
				TEST_TARGET_NAME = WertuID;
			};
			name = Release;
		};
/* End XCBuildConfiguration section */

/* Begin XCConfigurationList section */
		E5C191711E7D0F1200FD347E /* Build configuration list for PBXProject "WertuID" */ = {
			isa = XCConfigurationList;
			buildConfigurations = (
				E5C1919C1E7D0F1300FD347E /* Debug */,
				E5C1919D1E7D0F1300FD347E /* Release */,
			);
			defaultConfigurationIsVisible = 0;
			defaultConfigurationName = Release;
		};
		E5C1919E1E7D0F1300FD347E /* Build configuration list for PBXNativeTarget "WertuID" */ = {
			isa = XCConfigurationList;
			buildConfigurations = (
				E5C1919F1E7D0F1300FD347E /* Debug */,
				E5C191A01E7D0F1300FD347E /* Release */,
			);
			defaultConfigurationIsVisible = 0;
			defaultConfigurationName = Release;
		};
		E5C191A11E7D0F1300FD347E /* Build configuration list for PBXNativeTarget "WertuIDTests" */ = {
			isa = XCConfigurationList;
			buildConfigurations = (
				E5C191A21E7D0F1300FD347E /* Debug */,
				E5C191A31E7D0F1300FD347E /* Release */,
			);
			defaultConfigurationIsVisible = 0;
			defaultConfigurationName = Release;
		};
		E5C191A41E7D0F1300FD347E /* Build configuration list for PBXNativeTarget "WertuIDUITests" */ = {
			isa = XCConfigurationList;
			buildConfigurations = (
				E5C191A51E7D0F1300FD347E /* Debug */,
				E5C191A61E7D0F1300FD347E /* Release */,
			);
			defaultConfigurationIsVisible = 0;
			defaultConfigurationName = Release;
		};
/* End XCConfigurationList section */
	};
	rootObject = E5C1916E1E7D0F1200FD347E /* Project object */;
}
